
Microsoft Visual Studio Solution File, Format Version 12.00
# Visual Studio Version 17
VisualStudioVersion = 17.9.34607.119
MinimumVisualStudioVersion = 10.0.40219.1
Project("{FAE04EC0-301F-11D3-BF4B-00C04F79EFBC}") = "Taqm.Api", "Taqm.Api\Taqm.Api.csproj", "{44C8CC3D-05A9-4CF6-9D56-B5D61D529F06}"
EndProject
Project("{FAE04EC0-301F-11D3-BF4B-00C04F79EFBC}") = "Taqm.Data", "Taqm.Data\Taqm.Data.csproj", "{6E64FEF8-E862-4EA2-8249-F1B605161341}"
EndProject
Project("{FAE04EC0-301F-11D3-BF4B-00C04F79EFBC}") = "Taqm.Infrastructure", "Taqm.Infrastructure\Taqm.Infrastructure.csproj", "{45960480-11EE-4B8F-809B-E0719A7232D1}"
EndProject
Project("{FAE04EC0-301F-11D3-BF4B-00C04F79EFBC}") = "Taqm.Service", "Taqm.Service\Taqm.Service.csproj", "{9DCAFD06-D661-45CD-A6D6-1A32F02DE4EE}"
EndProject
Project("{FAE04EC0-301F-11D3-BF4B-00C04F79EFBC}") = "Taqm.Core", "Taqm.Core\Taqm.Core.csproj", "{467F3137-B2D1-474F-BC7B-F45F3FCC018B}"
EndProject
Global
	GlobalSection(SolutionConfigurationPlatforms) = preSolution
		Debug|Any CPU = Debug|Any CPU
		Release|Any CPU = Release|Any CPU
	EndGlobalSection
	GlobalSection(ProjectConfigurationPlatforms) = postSolution
		{44C8CC3D-05A9-4CF6-9D56-B5D61D529F06}.Debug|Any CPU.ActiveCfg = Debug|Any CPU
		{44C8CC3D-05A9-4CF6-9D56-B5D61D529F06}.Debug|Any CPU.Build.0 = Debug|Any CPU
		{44C8CC3D-05A9-4CF6-9D56-B5D61D529F06}.Release|Any CPU.ActiveCfg = Release|Any CPU
		{44C8CC3D-05A9-4CF6-9D56-B5D61D529F06}.Release|Any CPU.Build.0 = Release|Any CPU
		{6E64FEF8-E862-4EA2-8249-F1B605161341}.Debug|Any CPU.ActiveCfg = Debug|Any CPU
		{6E64FEF8-E862-4EA2-8249-F1B605161341}.Debug|Any CPU.Build.0 = Debug|Any CPU
		{6E64FEF8-E862-4EA2-8249-F1B605161341}.Release|Any CPU.ActiveCfg = Release|Any CPU
		{6E64FEF8-E862-4EA2-8249-F1B605161341}.Release|Any CPU.Build.0 = Release|Any CPU
		{45960480-11EE-4B8F-809B-E0719A7232D1}.Debug|Any CPU.ActiveCfg = Debug|Any CPU
		{45960480-11EE-4B8F-809B-E0719A7232D1}.Debug|Any CPU.Build.0 = Debug|Any CPU
		{45960480-11EE-4B8F-809B-E0719A7232D1}.Release|Any CPU.ActiveCfg = Release|Any CPU
		{45960480-11EE-4B8F-809B-E0719A7232D1}.Release|Any CPU.Build.0 = Release|Any CPU
		{9DCAFD06-D661-45CD-A6D6-1A32F02DE4EE}.Debug|Any CPU.ActiveCfg = Debug|Any CPU
		{9DCAFD06-D661-45CD-A6D6-1A32F02DE4EE}.Debug|Any CPU.Build.0 = Debug|Any CPU
		{9DCAFD06-D661-45CD-A6D6-1A32F02DE4EE}.Release|Any CPU.ActiveCfg = Release|Any CPU
		{9DCAFD06-D661-45CD-A6D6-1A32F02DE4EE}.Release|Any CPU.Build.0 = Release|Any CPU
		{467F3137-B2D1-474F-BC7B-F45F3FCC018B}.Debug|Any CPU.ActiveCfg = Debug|Any CPU
		{467F3137-B2D1-474F-BC7B-F45F3FCC018B}.Debug|Any CPU.Build.0 = Debug|Any CPU
		{467F3137-B2D1-474F-BC7B-F45F3FCC018B}.Release|Any CPU.ActiveCfg = Release|Any CPU
		{467F3137-B2D1-474F-BC7B-F45F3FCC018B}.Release|Any CPU.Build.0 = Release|Any CPU
	EndGlobalSection
	GlobalSection(SolutionProperties) = preSolution
		HideSolutionNode = FALSE
	EndGlobalSection
	GlobalSection(ExtensibilityGlobals) = postSolution
		SolutionGuid = {D51003BA-E4FA-45A3-9AEB-5C50E7F754DB}
	EndGlobalSection
EndGlobal
